
Microsoft Visual Studio Solution File, Format Version 12.00
# Visual Studio Version 16
VisualStudioVersion = 16.0.30114.105
MinimumVisualStudioVersion = 10.0.40219.1
Project("{FAE04EC0-301F-11D3-BF4B-00C04F79EFBC}") = "idm link generator", "idm link generator\idm link generator.csproj", "{8240ECEC-7524-4EF6-97FD-226629BF3E0C}"
EndProject
Global
	GlobalSection(SolutionConfigurationPlatforms) = preSolution
		Debug|Any CPU = Debug|Any CPU
		Release|Any CPU = Release|Any CPU
	EndGlobalSection
	GlobalSection(ProjectConfigurationPlatforms) = postSolution
		{8240ECEC-7524-4EF6-97FD-226629BF3E0C}.Debug|Any CPU.ActiveCfg = Debug|Any CPU
		{8240ECEC-7524-4EF6-97FD-226629BF3E0C}.Debug|Any CPU.Build.0 = Debug|Any CPU
		{8240ECEC-7524-4EF6-97FD-226629BF3E0C}.Release|Any CPU.ActiveCfg = Release|Any CPU
		{8240ECEC-7524-4EF6-97FD-226629BF3E0C}.Release|Any CPU.Build.0 = Release|Any CPU
	EndGlobalSection
	GlobalSection(SolutionProperties) = preSolution
		HideSolutionNode = FALSE
	EndGlobalSection
	GlobalSection(ExtensibilityGlobals) = postSolution
		SolutionGuid = {BCBC92F4-A0CD-42BA-8502-5BF079031872}
	EndGlobalSection
EndGlobal
